
Microsoft Visual Studio Solution File, Format Version 12.00
# Visual Studio Version 17
VisualStudioVersion = 17.4.33122.133
MinimumVisualStudioVersion = 10.0.40219.1
Project("{FAE04EC0-301F-11D3-BF4B-00C04F79EFBC}") = "Course", "Course\Course.csproj", "{A9A7F69B-4843-40BE-A4F4-8E758C245BED}"
EndProject
Global
	GlobalSection(SolutionConfigurationPlatforms) = preSolution
		Debug|Any CPU = Debug|Any CPU
		Release|Any CPU = Release|Any CPU
	EndGlobalSection
	GlobalSection(ProjectConfigurationPlatforms) = postSolution
		{A9A7F69B-4843-40BE-A4F4-8E758C245BED}.Debug|Any CPU.ActiveCfg = Debug|Any CPU
		{A9A7F69B-4843-40BE-A4F4-8E758C245BED}.Debug|Any CPU.Build.0 = Debug|Any CPU
		{A9A7F69B-4843-40BE-A4F4-8E758C245BED}.Release|Any CPU.ActiveCfg = Release|Any CPU
		{A9A7F69B-4843-40BE-A4F4-8E758C245BED}.Release|Any CPU.Build.0 = Release|Any CPU
	EndGlobalSection
	GlobalSection(SolutionProperties) = preSolution
		HideSolutionNode = FALSE
	EndGlobalSection
	GlobalSection(ExtensibilityGlobals) = postSolution
		SolutionGuid = {F27AE773-96A5-43E2-A61E-97674E27429E}
	EndGlobalSection
EndGlobal
